
Microsoft Visual Studio Solution File, Format Version 12.00
# Visual Studio Version 16
VisualStudioVersion = 16.0.31702.278
MinimumVisualStudioVersion = 10.0.40219.1
Project("{9A19103F-16F7-4668-BE54-9A1E7A4F7556}") = "VCBitalinoLibraryTest", "ConsoleApp1\VCBitalinoLibraryTest.csproj", "{35163B51-5CA3-417E-B6BF-1B71DBBB44EB}"
EndProject
Project("{FAE04EC0-301F-11D3-BF4B-00C04F79EFBC}") = "VCBitalinoLibrary", "VCBitalinoLibrary\VCBitalinoLibrary.csproj", "{0588B12C-A9FF-41AA-80F7-E41B51859FA9}"
EndProject
Project("{8BC9CEB8-8B4A-11D0-8D11-00A0C91BC942}") = "Bitalino", "Bitalino\Bitalino.vcxproj", "{3A6514FF-3CC5-41B2-BFCB-264C6DCDA84E}"
EndProject
Global
	GlobalSection(SolutionConfigurationPlatforms) = preSolution
		Debug|Any CPU = Debug|Any CPU
		Debug|x64 = Debug|x64
		Debug|x86 = Debug|x86
		Release|Any CPU = Release|Any CPU
		Release|x64 = Release|x64
		Release|x86 = Release|x86
	EndGlobalSection
	GlobalSection(ProjectConfigurationPlatforms) = postSolution
		{35163B51-5CA3-417E-B6BF-1B71DBBB44EB}.Debug|Any CPU.ActiveCfg = Debug|Any CPU
		{35163B51-5CA3-417E-B6BF-1B71DBBB44EB}.Debug|Any CPU.Build.0 = Debug|Any CPU
		{35163B51-5CA3-417E-B6BF-1B71DBBB44EB}.Debug|x64.ActiveCfg = Debug|Any CPU
		{35163B51-5CA3-417E-B6BF-1B71DBBB44EB}.Debug|x64.Build.0 = Debug|Any CPU
		{35163B51-5CA3-417E-B6BF-1B71DBBB44EB}.Debug|x86.ActiveCfg = Debug|Any CPU
		{35163B51-5CA3-417E-B6BF-1B71DBBB44EB}.Debug|x86.Build.0 = Debug|Any CPU
		{35163B51-5CA3-417E-B6BF-1B71DBBB44EB}.Release|Any CPU.ActiveCfg = Release|Any CPU
		{35163B51-5CA3-417E-B6BF-1B71DBBB44EB}.Release|Any CPU.Build.0 = Release|Any CPU
		{35163B51-5CA3-417E-B6BF-1B71DBBB44EB}.Release|x64.ActiveCfg = Release|Any CPU
		{35163B51-5CA3-417E-B6BF-1B71DBBB44EB}.Release|x64.Build.0 = Release|Any CPU
		{35163B51-5CA3-417E-B6BF-1B71DBBB44EB}.Release|x86.ActiveCfg = Release|Any CPU
		{35163B51-5CA3-417E-B6BF-1B71DBBB44EB}.Release|x86.Build.0 = Release|Any CPU
		{0588B12C-A9FF-41AA-80F7-E41B51859FA9}.Debug|Any CPU.ActiveCfg = Debug|Any CPU
		{0588B12C-A9FF-41AA-80F7-E41B51859FA9}.Debug|Any CPU.Build.0 = Debug|Any CPU
		{0588B12C-A9FF-41AA-80F7-E41B51859FA9}.Debug|x64.ActiveCfg = Debug|Any CPU
		{0588B12C-A9FF-41AA-80F7-E41B51859FA9}.Debug|x64.Build.0 = Debug|Any CPU
		{0588B12C-A9FF-41AA-80F7-E41B51859FA9}.Debug|x86.ActiveCfg = Debug|Any CPU
		{0588B12C-A9FF-41AA-80F7-E41B51859FA9}.Debug|x86.Build.0 = Debug|Any CPU
		{0588B12C-A9FF-41AA-80F7-E41B51859FA9}.Release|Any CPU.ActiveCfg = Release|Any CPU
		{0588B12C-A9FF-41AA-80F7-E41B51859FA9}.Release|Any CPU.Build.0 = Release|Any CPU
		{0588B12C-A9FF-41AA-80F7-E41B51859FA9}.Release|x64.ActiveCfg = Release|Any CPU
		{0588B12C-A9FF-41AA-80F7-E41B51859FA9}.Release|x64.Build.0 = Release|Any CPU
		{0588B12C-A9FF-41AA-80F7-E41B51859FA9}.Release|x86.ActiveCfg = Release|Any CPU
		{0588B12C-A9FF-41AA-80F7-E41B51859FA9}.Release|x86.Build.0 = Release|Any CPU
		{3A6514FF-3CC5-41B2-BFCB-264C6DCDA84E}.Debug|Any CPU.ActiveCfg = Debug|Win32
		{3A6514FF-3CC5-41B2-BFCB-264C6DCDA84E}.Debug|x64.ActiveCfg = Debug|x64
		{3A6514FF-3CC5-41B2-BFCB-264C6DCDA84E}.Debug|x64.Build.0 = Debug|x64
		{3A6514FF-3CC5-41B2-BFCB-264C6DCDA84E}.Debug|x86.ActiveCfg = Debug|Win32
		{3A6514FF-3CC5-41B2-BFCB-264C6DCDA84E}.Debug|x86.Build.0 = Debug|Win32
		{3A6514FF-3CC5-41B2-BFCB-264C6DCDA84E}.Release|Any CPU.ActiveCfg = Release|Win32
		{3A6514FF-3CC5-41B2-BFCB-264C6DCDA84E}.Release|x64.ActiveCfg = Release|x64
		{3A6514FF-3CC5-41B2-BFCB-264C6DCDA84E}.Release|x64.Build.0 = Release|x64
		{3A6514FF-3CC5-41B2-BFCB-264C6DCDA84E}.Release|x86.ActiveCfg = Release|Win32
		{3A6514FF-3CC5-41B2-BFCB-264C6DCDA84E}.Release|x86.Build.0 = Release|Win32
	EndGlobalSection
	GlobalSection(SolutionProperties) = preSolution
		HideSolutionNode = FALSE
	EndGlobalSection
	GlobalSection(ExtensibilityGlobals) = postSolution
		SolutionGuid = {FA912284-2AF5-449E-89A8-08E663B3E41F}
	EndGlobalSection
EndGlobal
