
Microsoft Visual Studio Solution File, Format Version 12.00
# Visual Studio Version 16
VisualStudioVersion = 16.0.29009.5
MinimumVisualStudioVersion = 10.0.40219.1
Project("{FAE04EC0-301F-11D3-BF4B-00C04F79EFBC}") = "MessageBroker", "MessageBroker.csproj", "{7EDB6EC9-F431-4CC1-B8E0-F6A68B6A4922}"
EndProject
Global
	GlobalSection(SolutionConfigurationPlatforms) = preSolution
		Debug|Any CPU = Debug|Any CPU
		Release|Any CPU = Release|Any CPU
	EndGlobalSection
	GlobalSection(ProjectConfigurationPlatforms) = postSolution
		{7EDB6EC9-F431-4CC1-B8E0-F6A68B6A4922}.Debug|Any CPU.ActiveCfg = Debug|Any CPU
		{7EDB6EC9-F431-4CC1-B8E0-F6A68B6A4922}.Debug|Any CPU.Build.0 = Debug|Any CPU
		{7EDB6EC9-F431-4CC1-B8E0-F6A68B6A4922}.Release|Any CPU.ActiveCfg = Release|Any CPU
		{7EDB6EC9-F431-4CC1-B8E0-F6A68B6A4922}.Release|Any CPU.Build.0 = Release|Any CPU
	EndGlobalSection
	GlobalSection(SolutionProperties) = preSolution
		HideSolutionNode = FALSE
	EndGlobalSection
	GlobalSection(ExtensibilityGlobals) = postSolution
		SolutionGuid = {5B3239FB-0E9E-486E-BD98-7755263E5DB4}
	EndGlobalSection
EndGlobal
